// !$*UTF8*$!
{
	archiveVersion = 1;
	classes = {
	};
	objectVersion = 46;
	objects = {

/* Begin PBXBuildFile section */
		18C695111CE67C3D00CCD846 /* LaunchScreen.storyboard in Resources */ = {isa = PBXBuildFile; fileRef = 18C695101CE67C3D00CCD846 /* LaunchScreen.storyboard */; };
		18EC15A91A6B161E00C080F9 /* AppDelegate.swift in Sources */ = {isa = PBXBuildFile; fileRef = 18EC15A81A6B161E00C080F9 /* AppDelegate.swift */; };
		18EC15AB1A6B161E00C080F9 /* ViewController.swift in Sources */ = {isa = PBXBuildFile; fileRef = 18EC15AA1A6B161E00C080F9 /* ViewController.swift */; };
		18EC15AE1A6B161E00C080F9 /* Main.storyboard in Resources */ = {isa = PBXBuildFile; fileRef = 18EC15AC1A6B161E00C080F9 /* Main.storyboard */; };
		18EC15B01A6B161E00C080F9 /* Images.xcassets in Resources */ = {isa = PBXBuildFile; fileRef = 18EC15AF1A6B161E00C080F9 /* Images.xcassets */; };
		18EC15BF1A6B161E00C080F9 /* AutoLayoutDemoTests.swift in Sources */ = {isa = PBXBuildFile; fileRef = 18EC15BE1A6B161E00C080F9 /* AutoLayoutDemoTests.swift */; };
/* End PBXBuildFile section */

/* Begin PBXContainerItemProxy section */
		18EC15B91A6B161E00C080F9 /* PBXContainerItemProxy */ = {
			isa = PBXContainerItemProxy;
			containerPortal = 18EC159B1A6B161E00C080F9 /* Project object */;
			proxyType = 1;
			remoteGlobalIDString = 18EC15A21A6B161E00C080F9;
			remoteInfo = AutoLayoutDemo;
		};
/* End PBXContainerItemProxy section */

/* Begin PBXFileReference section */
		18C695101CE67C3D00CCD846 /* LaunchScreen.storyboard */ = {isa = PBXFileReference; fileEncoding = 4; lastKnownFileType = file.storyboard; path = LaunchScreen.storyboard; sourceTree = "<group>"; };
		18EC15A31A6B161E00C080F9 /* AnimatedLayoutDemo.app */ = {isa = PBXFileReference; explicitFileType = wrapper.application; includeInIndex = 0; path = AnimatedLayoutDemo.app; sourceTree = BUILT_PRODUCTS_DIR; };
		18EC15A71A6B161E00C080F9 /* Info.plist */ = {isa = PBXFileReference; lastKnownFileType = text.plist.xml; path = Info.plist; sourceTree = "<group>"; };
		18EC15A81A6B161E00C080F9 /* AppDelegate.swift */ = {isa = PBXFileReference; lastKnownFileType = sourcecode.swift; path = AppDelegate.swift; sourceTree = "<group>"; };
		18EC15AA1A6B161E00C080F9 /* ViewController.swift */ = {isa = PBXFileReference; lastKnownFileType = sourcecode.swift; path = ViewController.swift; sourceTree = "<group>"; };
		18EC15AD1A6B161E00C080F9 /* Base */ = {isa = PBXFileReference; lastKnownFileType = file.storyboard; name = Base; path = Base.lproj/Main.storyboard; sourceTree = "<group>"; };
		18EC15AF1A6B161E00C080F9 /* Images.xcassets */ = {isa = PBXFileReference; lastKnownFileType = folder.assetcatalog; path = Images.xcassets; sourceTree = "<group>"; };
		18EC15B81A6B161E00C080F9 /* AnimatedLayoutDemo.xctest */ = {isa = PBXFileReference; explicitFileType = wrapper.cfbundle; includeInIndex = 0; path = AnimatedLayoutDemo.xctest; sourceTree = BUILT_PRODUCTS_DIR; };
		18EC15BD1A6B161E00C080F9 /* Info.plist */ = {isa = PBXFileReference; lastKnownFileType = text.plist.xml; path = Info.plist; sourceTree = "<group>"; };
		18EC15BE1A6B161E00C080F9 /* AutoLayoutDemoTests.swift */ = {isa = PBXFileReference; lastKnownFileType = sourcecode.swift; path = AutoLayoutDemoTests.swift; sourceTree = "<group>"; };
/* End PBXFileReference section */

/* Begin PBXFrameworksBuildPhase section */
		18EC15A01A6B161E00C080F9 /* Frameworks */ = {
			isa = PBXFrameworksBuildPhase;
			buildActionMask = 2147483647;
			files = (
			);
			runOnlyForDeploymentPostprocessing = 0;
		};
		18EC15B51A6B161E00C080F9 /* Frameworks */ = {
			isa = PBXFrameworksBuildPhase;
			buildActionMask = 2147483647;
			files = (
			);
			runOnlyForDeploymentPostprocessing = 0;
		};
/* End PBXFrameworksBuildPhase section */

/* Begin PBXGroup section */
		18C695121CE67C4900CCD846 /* UI */ = {
			isa = PBXGroup;
			children = (
				18EC15AC1A6B161E00C080F9 /* Main.storyboard */,
				18C695101CE67C3D00CCD846 /* LaunchScreen.storyboard */,
			);
			name = UI;
			sourceTree = "<group>";
		};
		18EC159A1A6B161E00C080F9 = {
			isa = PBXGroup;
			children = (
				18EC15A51A6B161E00C080F9 /* AutoLayoutDemo */,
				18EC15BB1A6B161E00C080F9 /* AutoLayoutDemoTests */,
				18EC15A41A6B161E00C080F9 /* Products */,
			);
			sourceTree = "<group>";
		};
		18EC15A41A6B161E00C080F9 /* Products */ = {
			isa = PBXGroup;
			children = (
				18EC15A31A6B161E00C080F9 /* AnimatedLayoutDemo.app */,
				18EC15B81A6B161E00C080F9 /* AnimatedLayoutDemo.xctest */,
			);
			name = Products;
			sourceTree = "<group>";
		};
		18EC15A51A6B161E00C080F9 /* AutoLayoutDemo */ = {
			isa = PBXGroup;
			children = (
				18EC15A81A6B161E00C080F9 /* AppDelegate.swift */,
				18EC15AA1A6B161E00C080F9 /* ViewController.swift */,
				18C695121CE67C4900CCD846 /* UI */,
				18EC15AF1A6B161E00C080F9 /* Images.xcassets */,
				18EC15A61A6B161E00C080F9 /* Supporting Files */,
			);
			path = AutoLayoutDemo;
			sourceTree = "<group>";
		};
		18EC15A61A6B161E00C080F9 /* Supporting Files */ = {
			isa = PBXGroup;
			children = (
				18EC15A71A6B161E00C080F9 /* Info.plist */,
			);
			name = "Supporting Files";
			sourceTree = "<group>";
		};
		18EC15BB1A6B161E00C080F9 /* AutoLayoutDemoTests */ = {
			isa = PBXGroup;
			children = (
				18EC15BE1A6B161E00C080F9 /* AutoLayoutDemoTests.swift */,
				18EC15BC1A6B161E00C080F9 /* Supporting Files */,
			);
			path = AutoLayoutDemoTests;
			sourceTree = "<group>";
		};
		18EC15BC1A6B161E00C080F9 /* Supporting Files */ = {
			isa = PBXGroup;
			children = (
				18EC15BD1A6B161E00C080F9 /* Info.plist */,
			);
			name = "Supporting Files";
			sourceTree = "<group>";
		};
/* End PBXGroup section */

/* Begin PBXNativeTarget section */
		18EC15A21A6B161E00C080F9 /* AnimatedLayoutDemo */ = {
			isa = PBXNativeTarget;
			buildConfigurationList = 18EC15C21A6B161E00C080F9 /* Build configuration list for PBXNativeTarget "AnimatedLayoutDemo" */;
			buildPhases = (
				18EC159F1A6B161E00C080F9 /* Sources */,
				18EC15A01A6B161E00C080F9 /* Frameworks */,
				18EC15A11A6B161E00C080F9 /* Resources */,
			);
			buildRules = (
			);
			dependencies = (
			);
			name = AnimatedLayoutDemo;
			productName = AutoLayoutDemo;
			productReference = 18EC15A31A6B161E00C080F9 /* AnimatedLayoutDemo.app */;
			productType = "com.apple.product-type.application";
		};
		18EC15B71A6B161E00C080F9 /* AnimatedLayoutDemoTests */ = {
			isa = PBXNativeTarget;
			buildConfigurationList = 18EC15C51A6B161E00C080F9 /* Build configuration list for PBXNativeTarget "AnimatedLayoutDemoTests" */;
			buildPhases = (
				18EC15B41A6B161E00C080F9 /* Sources */,
				18EC15B51A6B161E00C080F9 /* Frameworks */,
				18EC15B61A6B161E00C080F9 /* Resources */,
			);
			buildRules = (
			);
			dependencies = (
				18EC15BA1A6B161E00C080F9 /* PBXTargetDependency */,
			);
			name = AnimatedLayoutDemoTests;
			productName = AutoLayoutDemoTests;
			productReference = 18EC15B81A6B161E00C080F9 /* AnimatedLayoutDemo.xctest */;
			productType = "com.apple.product-type.bundle.unit-test";
		};
/* End PBXNativeTarget section */

/* Begin PBXProject section */
		18EC159B1A6B161E00C080F9 /* Project object */ = {
			isa = PBXProject;
			attributes = {
				LastSwiftUpdateCheck = 0730;
				LastUpgradeCheck = 0610;
				ORGANIZATIONNAME = "Frederick C. Lee";
				TargetAttributes = {
					18EC15A21A6B161E00C080F9 = {
						CreatedOnToolsVersion = 6.1.1;
						DevelopmentTeam = NFHP7Z5VAQ;
					};
					18EC15B71A6B161E00C080F9 = {
						CreatedOnToolsVersion = 6.1.1;
						TestTargetID = 18EC15A21A6B161E00C080F9;
					};
				};
			};
			buildConfigurationList = 18EC159E1A6B161E00C080F9 /* Build configuration list for PBXProject "AnimatedLayoutDemo" */;
			compatibilityVersion = "Xcode 3.2";
			developmentRegion = English;
			hasScannedForEncodings = 0;
			knownRegions = (
				en,
				Base,
			);
			mainGroup = 18EC159A1A6B161E00C080F9;
			productRefGroup = 18EC15A41A6B161E00C080F9 /* Products */;
			projectDirPath = "";
			projectRoot = "";
			targets = (
				18EC15A21A6B161E00C080F9 /* AnimatedLayoutDemo */,
				18EC15B71A6B161E00C080F9 /* AnimatedLayoutDemoTests */,
			);
		};
/* End PBXProject section */

/* Begin PBXResourcesBuildPhase section */
		18EC15A11A6B161E00C080F9 /* Resources */ = {
			isa = PBXResourcesBuildPhase;
			buildActionMask = 2147483647;
			files = (
				18C695111CE67C3D00CCD846 /* LaunchScreen.storyboard in Resources */,
				18EC15AE1A6B161E00C080F9 /* Main.storyboard in Resources */,
				18EC15B01A6B161E00C080F9 /* Images.xcassets in Resources */,
			);
			runOnlyForDeploymentPostprocessing = 0;
		};
		18EC15B61A6B161E00C080F9 /* Resources */ = {
			isa = PBXResourcesBuildPhase;
			buildActionMask = 2147483647;
			files = (
			);
			runOnlyForDeploymentPostprocessing = 0;
		};
/* End PBXResourcesBuildPhase section */

/* Begin PBXSourcesBuildPhase section */
		18EC159F1A6B161E00C080F9 /* Sources */ = {
			isa = PBXSourcesBuildPhase;
			buildActionMask = 2147483647;
			files = (
				18EC15AB1A6B161E00C080F9 /* ViewController.swift in Sources */,
				18EC15A91A6B161E00C080F9 /* AppDelegate.swift in Sources */,
			);
			runOnlyForDeploymentPostprocessing = 0;
		};
		18EC15B41A6B161E00C080F9 /* Sources */ = {
			isa = PBXSourcesBuildPhase;
			buildActionMask = 2147483647;
			files = (
				18EC15BF1A6B161E00C080F9 /* AutoLayoutDemoTests.swift in Sources */,
			);
			runOnlyForDeploymentPostprocessing = 0;
		};
/* End PBXSourcesBuildPhase section */

/* Begin PBXTargetDependency section */
		18EC15BA1A6B161E00C080F9 /* PBXTargetDependency */ = {
			isa = PBXTargetDependency;
			target = 18EC15A21A6B161E00C080F9 /* AnimatedLayoutDemo */;
			targetProxy = 18EC15B91A6B161E00C080F9 /* PBXContainerItemProxy */;
		};
/* End PBXTargetDependency section */

/* Begin PBXVariantGroup section */
		18EC15AC1A6B161E00C080F9 /* Main.storyboard */ = {
			isa = PBXVariantGroup;
			children = (
				18EC15AD1A6B161E00C080F9 /* Base */,
			);
			name = Main.storyboard;
			sourceTree = "<group>";
		};
/* End PBXVariantGroup section */

/* Begin XCBuildConfiguration section */
		18EC15C01A6B161E00C080F9 /* Debug */ = {
			isa = XCBuildConfiguration;
			buildSettings = {
				ALWAYS_SEARCH_USER_PATHS = NO;
				CLANG_CXX_LANGUAGE_STANDARD = "gnu++0x";
				CLANG_CXX_LIBRARY = "libc++";
				CLANG_ENABLE_MODULES = YES;
				CLANG_ENABLE_OBJC_ARC = YES;
				CLANG_WARN_BOOL_CONVERSION = YES;
				CLANG_WARN_CONSTANT_CONVERSION = YES;
				CLANG_WARN_DIRECT_OBJC_ISA_USAGE = YES_ERROR;
				CLANG_WARN_EMPTY_BODY = YES;
				CLANG_WARN_ENUM_CONVERSION = YES;
				CLANG_WARN_INT_CONVERSION = YES;
				CLANG_WARN_OBJC_ROOT_CLASS = YES_ERROR;
				CLANG_WARN_UNREACHABLE_CODE = YES;
				CLANG_WARN__DUPLICATE_METHOD_MATCH = YES;
				"CODE_SIGN_IDENTITY[sdk=iphoneos*]" = "iPhone Developer";
				COPY_PHASE_STRIP = NO;
				ENABLE_STRICT_OBJC_MSGSEND = YES;
				GCC_C_LANGUAGE_STANDARD = gnu99;
				GCC_DYNAMIC_NO_PIC = NO;
				GCC_OPTIMIZATION_LEVEL = 0;
				GCC_PREPROCESSOR_DEFINITIONS = (
					"DEBUG=1",
					"$(inherited)",
				);
				GCC_SYMBOLS_PRIVATE_EXTERN = NO;
				GCC_WARN_64_TO_32_BIT_CONVERSION = YES;
				GCC_WARN_ABOUT_RETURN_TYPE = YES_ERROR;
				GCC_WARN_UNDECLARED_SELECTOR = YES;
				GCC_WARN_UNINITIALIZED_AUTOS = YES_AGGRESSIVE;
				GCC_WARN_UNUSED_FUNCTION = YES;
				GCC_WARN_UNUSED_VARIABLE = YES;
				IPHONEOS_DEPLOYMENT_TARGET = 8.1;
				MTL_ENABLE_DEBUG_INFO = YES;
				ONLY_ACTIVE_ARCH = YES;
				SDKROOT = iphoneos;
				SWIFT_OPTIMIZATION_LEVEL = "-Onone";
			};
			name = Debug;
		};
		18EC15C11A6B161E00C080F9 /* Release */ = {
			isa = XCBuildConfiguration;
			buildSettings = {
				ALWAYS_SEARCH_USER_PATHS = NO;
				CLANG_CXX_LANGUAGE_STANDARD = "gnu++0x";
				CLANG_CXX_LIBRARY = "libc++";
				CLANG_ENABLE_MODULES = YES;
				CLANG_ENABLE_OBJC_ARC = YES;
				CLANG_WARN_BOOL_CONVERSION = YES;
				CLANG_WARN_CONSTANT_CONVERSION = YES;
				CLANG_WARN_DIRECT_OBJC_ISA_USAGE = YES_ERROR;
				CLANG_WARN_EMPTY_BODY = YES;
				CLANG_WARN_ENUM_CONVERSION = YES;
				CLANG_WARN_INT_CONVERSION = YES;
				CLANG_WARN_OBJC_ROOT_CLASS = YES_ERROR;
				CLANG_WARN_UNREACHABLE_CODE = YES;
				CLANG_WARN__DUPLICATE_METHOD_MATCH = YES;
				"CODE_SIGN_IDENTITY[sdk=iphoneos*]" = "iPhone Developer";
				COPY_PHASE_STRIP = YES;
				ENABLE_NS_ASSERTIONS = NO;
				ENABLE_STRICT_OBJC_MSGSEND = YES;
				GCC_C_LANGUAGE_STANDARD = gnu99;
				GCC_WARN_64_TO_32_BIT_CONVERSION = YES;
				GCC_WARN_ABOUT_RETURN_TYPE = YES_ERROR;
				GCC_WARN_UNDECLARED_SELECTOR = YES;
				GCC_WARN_UNINITIALIZED_AUTOS = YES_AGGRESSIVE;
				GCC_WARN_UNUSED_FUNCTION = YES;
				GCC_WARN_UNUSED_VARIABLE = YES;
				IPHONEOS_DEPLOYMENT_TARGET = 8.1;
				MTL_ENABLE_DEBUG_INFO = NO;
				SDKROOT = iphoneos;
				VALIDATE_PRODUCT = YES;
			};
			name = Release;
		};
		18EC15C31A6B161E00C080F9 /* Debug */ = {
			isa = XCBuildConfiguration;
			buildSettings = {
				ASSETCATALOG_COMPILER_APPICON_NAME = AppIcon;
				CODE_SIGN_IDENTITY = "iPhone Developer";
				"CODE_SIGN_IDENTITY[sdk=iphoneos*]" = "iPhone Developer";
				INFOPLIST_FILE = AutoLayoutDemo/Info.plist;
				LD_RUNPATH_SEARCH_PATHS = "$(inherited) @executable_path/Frameworks";
				PRODUCT_NAME = AnimatedLayoutDemo;
				PROVISIONING_PROFILE = "";
			};
			name = Debug;
		};
		18EC15C41A6B161E00C080F9 /* Release */ = {
			isa = XCBuildConfiguration;
			buildSettings = {
				ASSETCATALOG_COMPILER_APPICON_NAME = AppIcon;
				CODE_SIGN_IDENTITY = "iPhone Developer";
				"CODE_SIGN_IDENTITY[sdk=iphoneos*]" = "iPhone Developer";
				INFOPLIST_FILE = AutoLayoutDemo/Info.plist;
				LD_RUNPATH_SEARCH_PATHS = "$(inherited) @executable_path/Frameworks";
				PRODUCT_NAME = AnimatedLayoutDemo;
				PROVISIONING_PROFILE = "";
			};
			name = Release;
		};
		18EC15C61A6B161E00C080F9 /* Debug */ = {
			isa = XCBuildConfiguration;
			buildSettings = {
				BUNDLE_LOADER = "$(TEST_HOST)";
				FRAMEWORK_SEARCH_PATHS = (
					"$(SDKROOT)/Developer/Library/Frameworks",
					"$(inherited)",
				);
				GCC_PREPROCESSOR_DEFINITIONS = (
					"DEBUG=1",
					"$(inherited)",
				);
				INFOPLIST_FILE = AutoLayoutDemoTests/Info.plist;
				LD_RUNPATH_SEARCH_PATHS = "$(inherited) @executable_path/Frameworks @loader_path/Frameworks";
				PRODUCT_NAME = AnimatedLayoutDemo;
				TEST_HOST = "$(BUILT_PRODUCTS_DIR)/AnimatedLayoutDemo.app/AnimatedLayoutDemo";
			};
			name = Debug;
		};
		18EC15C71A6B161E00C080F9 /* Release */ = {
			isa = XCBuildConfiguration;
			buildSettings = {
				BUNDLE_LOADER = "$(TEST_HOST)";
				FRAMEWORK_SEARCH_PATHS = (
					"$(SDKROOT)/Developer/Library/Frameworks",
					"$(inherited)",
				);
				INFOPLIST_FILE = AutoLayoutDemoTests/Info.plist;
				LD_RUNPATH_SEARCH_PATHS = "$(inherited) @executable_path/Frameworks @loader_path/Frameworks";
				PRODUCT_NAME = AnimatedLayoutDemo;
				TEST_HOST = "$(BUILT_PRODUCTS_DIR)/AnimatedLayoutDemo.app/AnimatedLayoutDemo";
			};
			name = Release;
		};
/* End XCBuildConfiguration section */

/* Begin XCConfigurationList section */
		18EC159E1A6B161E00C080F9 /* Build configuration list for PBXProject "AnimatedLayoutDemo" */ = {
			isa = XCConfigurationList;
			buildConfigurations = (
				18EC15C01A6B161E00C080F9 /* Debug */,
				18EC15C11A6B161E00C080F9 /* Release */,
			);
			defaultConfigurationIsVisible = 0;
			defaultConfigurationName = Release;
		};
		18EC15C21A6B161E00C080F9 /* Build configuration list for PBXNativeTarget "AnimatedLayoutDemo" */ = {
			isa = XCConfigurationList;
			buildConfigurations = (
				18EC15C31A6B161E00C080F9 /* Debug */,
				18EC15C41A6B161E00C080F9 /* Release */,
			);
			defaultConfigurationIsVisible = 0;
			defaultConfigurationName = Release;
		};
		18EC15C51A6B161E00C080F9 /* Build configuration list for PBXNativeTarget "AnimatedLayoutDemoTests" */ = {
			isa = XCConfigurationList;
			buildConfigurations = (
				18EC15C61A6B161E00C080F9 /* Debug */,
				18EC15C71A6B161E00C080F9 /* Release */,
			);
			defaultConfigurationIsVisible = 0;
			defaultConfigurationName = Release;
		};
/* End XCConfigurationList section */
	};
	rootObject = 18EC159B1A6B161E00C080F9 /* Project object */;
}
